# THIS IS AN AUTOGENERATED FILE. DO NOT EDIT THIS FILE DIRECTLY.
# yarn lockfile v1


immer@^9.0.6:
  version "9.0.6"
  resolved "https://registry.yarnpkg.com/immer/-/immer-9.0.6.tgz#7a96bf2674d06c8143e327cbf73539388ddf1a73"
  integrity sha512-G95ivKpy+EvVAnAab4fVa4YGYn24J1SpEktnJX7JJ45Bd7xqME/SCplFzYFmTbrkwZbQ4xJK1xMTUYBkN6pWsQ==

zustand@^3.6.2:
  version "3.6.2"
  resolved "https://registry.yarnpkg.com/zustand/-/zustand-3.6.2.tgz#76bd927c8f82c14d7aae9f592323371b583e564a"
  integrity sha512-Jw+tM8T3koFjwLLj8ihlYcMqp3nHfpRNOrc/qqwFhmVp7nmrBD/N73bEb5cjveFKNQtAt+7n2S+gnIbhrV/4qA==
